
Microsoft Visual Studio Solution File, Format Version 12.00
# Visual Studio 15
VisualStudioVersion = 15.0.28307.852
MinimumVisualStudioVersion = 10.0.40219.1
Project("{FAE04EC0-301F-11D3-BF4B-00C04F79EFBC}") = "DataStructuresAssignment", "DataStructuresAssignment\DataStructuresAssignment.csproj", "{79124612-7BCD-4B2F-AA8C-B0CF1B3ACE92}"
EndProject
Global
	GlobalSection(SolutionConfigurationPlatforms) = preSolution
		Debug|Any CPU = Debug|Any CPU
		Release|Any CPU = Release|Any CPU
	EndGlobalSection
	GlobalSection(ProjectConfigurationPlatforms) = postSolution
		{79124612-7BCD-4B2F-AA8C-B0CF1B3ACE92}.Debug|Any CPU.ActiveCfg = Debug|Any CPU
		{79124612-7BCD-4B2F-AA8C-B0CF1B3ACE92}.Debug|Any CPU.Build.0 = Debug|Any CPU
		{79124612-7BCD-4B2F-AA8C-B0CF1B3ACE92}.Release|Any CPU.ActiveCfg = Release|Any CPU
		{79124612-7BCD-4B2F-AA8C-B0CF1B3ACE92}.Release|Any CPU.Build.0 = Release|Any CPU
	EndGlobalSection
	GlobalSection(SolutionProperties) = preSolution
		HideSolutionNode = FALSE
	EndGlobalSection
	GlobalSection(ExtensibilityGlobals) = postSolution
		SolutionGuid = {E146F2DF-FFF0-4502-95F3-A3C051498723}
	EndGlobalSection
EndGlobal
